{
  "name": "panteon-leaderboard",
  "version": "0.1.0",
  "lockfileVersion": 3,
  "requires": true,
  "packages": {
    "": {
      "name": "panteon-leaderboard",
      "version": "0.1.0",
      "dependencies": {
        "@stitches/react": "^1.2.8",
        "next-themes": "^0.2.1"
      }
    },
    "node_modules/@stitches/react": {
      "version": "1.2.8",
      "resolved": "https://registry.npmjs.org/@stitches/react/-/react-1.2.8.tgz",
      "integrity": "sha512-9g9dWI4gsSVe8bNLlb+lMkBYsnIKCZTmvqvDG+Avnn69XfmHZKiaMrx7cgTaddq7aTPPmXiTsbFcUy0xgI4+wA==",
      "peerDependencies": {
        "react": ">= 16.3.0"
      }
    },
    "node_modules/next-themes": {
      "version": "0.2.1",
      "resolved": "https://registry.npmjs.org/next-themes/-/next-themes-0.2.1.tgz",
      "integrity": "sha512-B+AKNfYNIzh0vqQQKqQItTS8evEouKD7H5Hj3kmuPERwddR2TxvDSFZuTj6T7Jfn1oyeUyJMydPl1Bkxkh0W7A==",
      "peerDependencies": {
        "next": "*",
        "react": "*",
        "react-dom": "*"
      }
    }
  }
}
